{
  "name": "nodejs-loaders",
  "version": "2.0.0",
  "lockfileVersion": 3,
  "requires": true,
  "packages": {
    "": {
      "name": "nodejs-loaders",
      "version": "2.0.0",
      "license": "ISC",
      "workspaces": [
        "./packages/*"
      ],
      "devDependencies": {
        "@types/node": "^22.10.1"
      }
    },
    "node_modules/@esbuild/darwin-arm64": {
      "version": "0.19.5",
      "resolved": "https://registry.npmjs.org/@esbuild/darwin-arm64/-/darwin-arm64-0.19.5.tgz",
      "integrity": "sha512-mvXGcKqqIqyKoxq26qEDPHJuBYUA5KizJncKOAf9eJQez+L9O+KfvNFu6nl7SCZ/gFb2QPaRqqmG0doSWlgkqw==",
      "cpu": [
        "arm64"
      ],
      "optional": true,
      "os": [
        "darwin"
      ],
      "peer": true,
      "engines": {
        "node": ">=12"
      }
    },
    "node_modules/@nodejs-loaders/alias": {
      "resolved": "packages/alias",
      "link": true
    },
    "node_modules/@nodejs-loaders/css-module": {
      "resolved": "packages/css-module",
      "link": true
    },
    "node_modules/@nodejs-loaders/media": {
      "resolved": "packages/media",
      "link": true
    },
    "node_modules/@nodejs-loaders/mismatched-format": {
      "resolved": "packages/mismatched-format",
      "link": true
    },
    "node_modules/@nodejs-loaders/parse-filename": {
      "resolved": "packages/parse-filename",
      "link": true
    },
    "node_modules/@nodejs-loaders/svgx": {
      "resolved": "packages/svgx",
      "link": true
    },
    "node_modules/@nodejs-loaders/text": {
      "resolved": "packages/text",
      "link": true
    },
    "node_modules/@nodejs-loaders/tsx": {
      "resolved": "packages/tsx",
      "link": true
    },
    "node_modules/@types/node": {
      "version": "22.10.1",
      "resolved": "https://registry.npmjs.org/@types/node/-/node-22.10.1.tgz",
      "integrity": "sha512-qKgsUwfHZV2WCWLAnVP1JqnpE6Im6h3Y0+fYgMTasNQ7V++CBX5OT1as0g0f+OyubbFqhf6XVNIsmN4IIhEgGQ==",
      "dev": true,
      "license": "MIT",
      "dependencies": {
        "undici-types": "~6.20.0"
      }
    },
    "node_modules/esbuild": {
      "version": "0.19.5",
      "resolved": "https://registry.npmjs.org/esbuild/-/esbuild-0.19.5.tgz",
      "integrity": "sha512-bUxalY7b1g8vNhQKdB24QDmHeY4V4tw/s6Ak5z+jJX9laP5MoQseTOMemAr0gxssjNcH0MCViG8ONI2kksvfFQ==",
      "hasInstallScript": true,
      "peer": true,
      "bin": {
        "esbuild": "bin/esbuild"
      },
      "engines": {
        "node": ">=12"
      },
      "optionalDependencies": {
        "@esbuild/android-arm": "0.19.5",
        "@esbuild/android-arm64": "0.19.5",
        "@esbuild/android-x64": "0.19.5",
        "@esbuild/darwin-arm64": "0.19.5",
        "@esbuild/darwin-x64": "0.19.5",
        "@esbuild/freebsd-arm64": "0.19.5",
        "@esbuild/freebsd-x64": "0.19.5",
        "@esbuild/linux-arm": "0.19.5",
        "@esbuild/linux-arm64": "0.19.5",
        "@esbuild/linux-ia32": "0.19.5",
        "@esbuild/linux-loong64": "0.19.5",
        "@esbuild/linux-mips64el": "0.19.5",
        "@esbuild/linux-ppc64": "0.19.5",
        "@esbuild/linux-riscv64": "0.19.5",
        "@esbuild/linux-s390x": "0.19.5",
        "@esbuild/linux-x64": "0.19.5",
        "@esbuild/netbsd-x64": "0.19.5",
        "@esbuild/openbsd-x64": "0.19.5",
        "@esbuild/sunos-x64": "0.19.5",
        "@esbuild/win32-arm64": "0.19.5",
        "@esbuild/win32-ia32": "0.19.5",
        "@esbuild/win32-x64": "0.19.5"
      }
    },
    "node_modules/lodash.camelcase": {
      "version": "4.3.0",
      "resolved": "https://registry.npmjs.org/lodash.camelcase/-/lodash.camelcase-4.3.0.tgz",
      "integrity": "sha512-TwuEnCnxbc3rAvhf/LbG7tJUDzhqXyFnv3dtzLOPgCG/hODL7WFnsbwktkD7yUV0RrreP/l1PALq/YSg6VvjlA==",
      "license": "MIT"
    },
    "node_modules/lodash.get": {
      "version": "4.4.2",
      "resolved": "https://registry.npmjs.org/lodash.get/-/lodash.get-4.4.2.tgz",
      "integrity": "sha512-z+Uw/vLuy6gQe8cfaFWD7p0wVv8fJl3mbzXh33RS+0oW2wvUqiRXiQ69gLWSLpgB5/6sU+r6BlQR0MBILadqTQ==",
      "license": "MIT"
    },
    "node_modules/lodash.upperfirst": {
      "version": "4.3.1",
      "resolved": "https://registry.npmjs.org/lodash.upperfirst/-/lodash.upperfirst-4.3.1.tgz",
      "integrity": "sha512-sReKOYJIJf74dhJONhU4e0/shzi1trVbSWDOhKYE5XV2O+H7Sb2Dihwuc7xWxVl+DgFPyTqIN3zMfT9cq5iWDg==",
      "license": "MIT"
    },
    "node_modules/nanoid": {
      "version": "3.3.7",
      "resolved": "https://registry.npmjs.org/nanoid/-/nanoid-3.3.7.tgz",
      "integrity": "sha512-eSRppjcPIatRIMC1U6UngP8XFcz8MQWGQdt1MTBQ7NaAmvXDfvNxbvWV3x2y6CdEUciCSsDHDQZbhYaB8QEo2g==",
      "funding": [
        {
          "type": "github",
          "url": "https://github.com/sponsors/ai"
        }
      ],
      "peer": true,
      "bin": {
        "nanoid": "bin/nanoid.cjs"
      },
      "engines": {
        "node": "^10 || ^12 || ^13.7 || ^14 || >=15.0.1"
      }
    },
    "node_modules/picocolors": {
      "version": "1.0.1",
      "resolved": "https://registry.npmjs.org/picocolors/-/picocolors-1.0.1.tgz",
      "integrity": "sha512-anP1Z8qwhkbmu7MFP5iTt+wQKXgwzf7zTyGlcdzabySa9vd0Xt392U0rVmz9poOaBj0uHJKyyo9/upk0HrEQew==",
      "peer": true
    },
    "node_modules/postcss": {
      "version": "8.4.38",
      "resolved": "https://registry.npmjs.org/postcss/-/postcss-8.4.38.tgz",
      "integrity": "sha512-Wglpdk03BSfXkHoQa3b/oulrotAkwrlLDRSOb9D0bN86FdRyE9lppSp33aHNPgBa0JKCoB+drFLZkQoRRYae5A==",
      "funding": [
        {
          "type": "opencollective",
          "url": "https://opencollective.com/postcss/"
        },
        {
          "type": "tidelift",
          "url": "https://tidelift.com/funding/github/npm/postcss"
        },
        {
          "type": "github",
          "url": "https://github.com/sponsors/ai"
        }
      ],
      "peer": true,
      "dependencies": {
        "nanoid": "^3.3.7",
        "picocolors": "^1.0.0",
        "source-map-js": "^1.2.0"
      },
      "engines": {
        "node": "^10 || ^12 || >=14"
      }
    },
    "node_modules/source-map-js": {
      "version": "1.2.0",
      "resolved": "https://registry.npmjs.org/source-map-js/-/source-map-js-1.2.0.tgz",
      "integrity": "sha512-itJW8lvSA0TXEphiRoawsCksnlf8SyvmFzIhltqAHluXd88pkCd+cXJVHTDwdCr0IzwptSm035IHQktUu1QUMg==",
      "peer": true,
      "engines": {
        "node": ">=0.10.0"
      }
    },
    "node_modules/undici-types": {
      "version": "6.20.0",
      "resolved": "https://registry.npmjs.org/undici-types/-/undici-types-6.20.0.tgz",
      "integrity": "sha512-Ny6QZ2Nju20vw1SRHe3d9jVu6gJ+4e3+MMpqu7pqE5HT6WsTSlce++GQmK5UXS8mzV8DSYHrQH+Xrf2jVcuKNg==",
      "dev": true,
      "license": "MIT"
    },
    "packages/alias": {
      "name": "@nodejs-loaders/alias",
      "version": "1.0.0",
      "license": "ISC",
      "dependencies": {
        "lodash.get": "^4.4.2"
      }
    },
    "packages/css-module": {
      "name": "@nodejs-loaders/css-module",
      "version": "1.0.0",
      "license": "ISC",
      "dependencies": {
        "@nodejs-loaders/parse-filename": "1.0.0"
      },
      "peerDependencies": {
        "postcss": "~8.4.38"
      }
    },
    "packages/css-modules": {
      "name": "@nodejs-loaders/css-module",
      "version": "1.0.0",
      "extraneous": true,
      "license": "ISC",
      "dependencies": {
        "@nodejs-loaders/parse-filename": "1.0.0"
      },
      "devDependencies": {
        "testdouble": "^3.20.1"
      },
      "peerDependencies": {
        "postcss": "~8.4.38"
      }
    },
    "packages/media": {
      "name": "@nodejs-loaders/media",
      "version": "1.0.0",
      "license": "ISC",
      "dependencies": {
        "@nodejs-loaders/parse-filename": "1.0.0"
      }
    },
    "packages/mismatched-format": {
      "name": "@nodejs-loaders/mismatched-format",
      "version": "1.0.0",
      "license": "ISC",
      "dependencies": {
        "@nodejs-loaders/parse-filename": "1.0.0"
      }
    },
    "packages/parse-filename": {
      "name": "@nodejs-loaders/parse-filename",
      "version": "1.0.0",
      "license": "ISC"
    },
    "packages/svgx": {
      "name": "@nodejs-loaders/svgx",
      "version": "1.0.0",
      "license": "ISC",
      "dependencies": {
        "@nodejs-loaders/parse-filename": "1.0.0",
        "lodash.camelcase": "~4.3.0",
        "lodash.upperfirst": "~4.3.1"
      }
    },
    "packages/text": {
      "name": "@nodejs-loaders/text",
      "version": "1.0.0",
      "license": "ISC",
      "dependencies": {
        "@nodejs-loaders/parse-filename": "1.0.0"
      }
    },
    "packages/tsx": {
      "name": "@nodejs-loaders/tsx",
      "version": "1.0.0",
      "license": "ISC",
      "dependencies": {
        "@nodejs-loaders/parse-filename": "1.0.0"
      },
      "engines": {
        "node": "^23.2 || ^22.13"
      },
      "peerDependencies": {
        "esbuild": "~0.19.5"
      }
    }
  }
}
